
Microsoft Visual Studio Solution File, Format Version 12.00
# Visual Studio 15
VisualStudioVersion = 15.0.28307.572
MinimumVisualStudioVersion = 10.0.40219.1
Project("{FAE04EC0-301F-11D3-BF4B-00C04F79EFBC}") = "GuessTheNumberWebCore", "GuessTheNumberWebCore\GuessTheNumberWebCore.csproj", "{6CE7FCEF-9DA1-47BF-8CF7-A1146C8A4C4A}"
EndProject
Project("{FAE04EC0-301F-11D3-BF4B-00C04F79EFBC}") = "DataLayer", "DataLayer\DataLayer.csproj", "{F29C054D-A42B-47C7-B1A4-C7891D7712A3}"
EndProject
Global
	GlobalSection(SolutionConfigurationPlatforms) = preSolution
		Debug|Any CPU = Debug|Any CPU
		Release|Any CPU = Release|Any CPU
	EndGlobalSection
	GlobalSection(ProjectConfigurationPlatforms) = postSolution
		{6CE7FCEF-9DA1-47BF-8CF7-A1146C8A4C4A}.Debug|Any CPU.ActiveCfg = Debug|Any CPU
		{6CE7FCEF-9DA1-47BF-8CF7-A1146C8A4C4A}.Debug|Any CPU.Build.0 = Debug|Any CPU
		{6CE7FCEF-9DA1-47BF-8CF7-A1146C8A4C4A}.Release|Any CPU.ActiveCfg = Release|Any CPU
		{6CE7FCEF-9DA1-47BF-8CF7-A1146C8A4C4A}.Release|Any CPU.Build.0 = Release|Any CPU
		{F29C054D-A42B-47C7-B1A4-C7891D7712A3}.Debug|Any CPU.ActiveCfg = Debug|Any CPU
		{F29C054D-A42B-47C7-B1A4-C7891D7712A3}.Debug|Any CPU.Build.0 = Debug|Any CPU
		{F29C054D-A42B-47C7-B1A4-C7891D7712A3}.Release|Any CPU.ActiveCfg = Release|Any CPU
		{F29C054D-A42B-47C7-B1A4-C7891D7712A3}.Release|Any CPU.Build.0 = Release|Any CPU
	EndGlobalSection
	GlobalSection(SolutionProperties) = preSolution
		HideSolutionNode = FALSE
	EndGlobalSection
	GlobalSection(ExtensibilityGlobals) = postSolution
		SolutionGuid = {6B56219C-F6B8-407D-AFC8-632ECCE7064B}
	EndGlobalSection
EndGlobal
